
Microsoft Visual Studio Solution File, Format Version 12.00
# Visual Studio Version 16
VisualStudioVersion = 16.0.30621.155
MinimumVisualStudioVersion = 10.0.40219.1
Project("{FAE04EC0-301F-11D3-BF4B-00C04F79EFBC}") = "SeleniumPlayground", "SeleniumPlayground\SeleniumPlayground.csproj", "{9A199968-3529-4435-89A1-C4319BD07C3C}"
EndProject
Global
	GlobalSection(SolutionConfigurationPlatforms) = preSolution
		Debug|Any CPU = Debug|Any CPU
		Release|Any CPU = Release|Any CPU
	EndGlobalSection
	GlobalSection(ProjectConfigurationPlatforms) = postSolution
		{9A199968-3529-4435-89A1-C4319BD07C3C}.Debug|Any CPU.ActiveCfg = Debug|Any CPU
		{9A199968-3529-4435-89A1-C4319BD07C3C}.Debug|Any CPU.Build.0 = Debug|Any CPU
		{9A199968-3529-4435-89A1-C4319BD07C3C}.Release|Any CPU.ActiveCfg = Release|Any CPU
		{9A199968-3529-4435-89A1-C4319BD07C3C}.Release|Any CPU.Build.0 = Release|Any CPU
	EndGlobalSection
	GlobalSection(SolutionProperties) = preSolution
		HideSolutionNode = FALSE
	EndGlobalSection
	GlobalSection(ExtensibilityGlobals) = postSolution
		SolutionGuid = {8BFB5C48-B86B-4ED8-B09D-ECC410EF195D}
	EndGlobalSection
EndGlobal
